
Microsoft Visual Studio Solution File, Format Version 12.00
# Visual Studio Version 17
VisualStudioVersion = 17.5.002.0
MinimumVisualStudioVersion = 10.0.40219.1
Project("{9A19103F-16F7-4668-BE54-9A1E7A4F7556}") = "Tutorial", "Tutorial\Tutorial.csproj", "{F9D12CDF-BB63-4956-B32D-7FB6CF15AF02}"
EndProject
Global
	GlobalSection(SolutionConfigurationPlatforms) = preSolution
		Debug|Any CPU = Debug|Any CPU
		Release|Any CPU = Release|Any CPU
	EndGlobalSection
	GlobalSection(ProjectConfigurationPlatforms) = postSolution
		{F9D12CDF-BB63-4956-B32D-7FB6CF15AF02}.Debug|Any CPU.ActiveCfg = Debug|Any CPU
		{F9D12CDF-BB63-4956-B32D-7FB6CF15AF02}.Debug|Any CPU.Build.0 = Debug|Any CPU
		{F9D12CDF-BB63-4956-B32D-7FB6CF15AF02}.Release|Any CPU.ActiveCfg = Release|Any CPU
		{F9D12CDF-BB63-4956-B32D-7FB6CF15AF02}.Release|Any CPU.Build.0 = Release|Any CPU
	EndGlobalSection
	GlobalSection(SolutionProperties) = preSolution
		HideSolutionNode = FALSE
	EndGlobalSection
	GlobalSection(ExtensibilityGlobals) = postSolution
		SolutionGuid = {E41A53EE-EF25-4C24-8244-DF48BF55D1D7}
	EndGlobalSection
EndGlobal
